
Microsoft Visual Studio Solution File, Format Version 12.00
# Visual Studio 15
VisualStudioVersion = 15.0.28307.902
MinimumVisualStudioVersion = 10.0.40219.1
Project("{FAE04EC0-301F-11D3-BF4B-00C04F79EFBC}") = "SampleDynamoDB", "SampleCSharp\SampleDynamoDB.csproj", "{9606BC7C-FDDC-4AEF-94FC-536B19A57504}"
EndProject
Project("{FAE04EC0-301F-11D3-BF4B-00C04F79EFBC}") = "SampleTest", "SampleTest\SampleTest.csproj", "{FC80C319-A47C-4388-B58C-949F173B39E0}"
EndProject
Global
	GlobalSection(SolutionConfigurationPlatforms) = preSolution
		Debug|Any CPU = Debug|Any CPU
		Release|Any CPU = Release|Any CPU
	EndGlobalSection
	GlobalSection(ProjectConfigurationPlatforms) = postSolution
		{9606BC7C-FDDC-4AEF-94FC-536B19A57504}.Debug|Any CPU.ActiveCfg = Debug|Any CPU
		{9606BC7C-FDDC-4AEF-94FC-536B19A57504}.Debug|Any CPU.Build.0 = Debug|Any CPU
		{9606BC7C-FDDC-4AEF-94FC-536B19A57504}.Release|Any CPU.ActiveCfg = Release|Any CPU
		{9606BC7C-FDDC-4AEF-94FC-536B19A57504}.Release|Any CPU.Build.0 = Release|Any CPU
		{FC80C319-A47C-4388-B58C-949F173B39E0}.Debug|Any CPU.ActiveCfg = Debug|Any CPU
		{FC80C319-A47C-4388-B58C-949F173B39E0}.Debug|Any CPU.Build.0 = Debug|Any CPU
		{FC80C319-A47C-4388-B58C-949F173B39E0}.Release|Any CPU.ActiveCfg = Release|Any CPU
		{FC80C319-A47C-4388-B58C-949F173B39E0}.Release|Any CPU.Build.0 = Release|Any CPU
	EndGlobalSection
	GlobalSection(SolutionProperties) = preSolution
		HideSolutionNode = FALSE
	EndGlobalSection
	GlobalSection(ExtensibilityGlobals) = postSolution
		SolutionGuid = {05FDE028-F032-4115-A6F9-35B101472E50}
	EndGlobalSection
EndGlobal
